
Microsoft Visual Studio Solution File, Format Version 12.00
# Visual Studio Version 17
VisualStudioVersion = 17.8.34408.163
MinimumVisualStudioVersion = 10.0.40219.1
Project("{9A19103F-16F7-4668-BE54-9A1E7A4F7556}") = "MagicOnion.LogicLooper.WebGL.Server", "MagicOnion.LogicLooper.WebGL.Server\MagicOnion.LogicLooper.WebGL.Server.csproj", "{FF43C537-E4CB-4E81-AC57-98CFF7A886ED}"
EndProject
Project("{9A19103F-16F7-4668-BE54-9A1E7A4F7556}") = "MagicOnion.LogicLooper.WebGL.Shared", "..\MagicOnion.LogicLooper.WebGL.Shared\MagicOnion.LogicLooper.WebGL.Shared.csproj", "{4D30AB07-695C-44E0-AAA7-A405FC55EBD2}"
EndProject
Global
	GlobalSection(SolutionConfigurationPlatforms) = preSolution
		Debug|Any CPU = Debug|Any CPU
		Release|Any CPU = Release|Any CPU
	EndGlobalSection
	GlobalSection(ProjectConfigurationPlatforms) = postSolution
		{FF43C537-E4CB-4E81-AC57-98CFF7A886ED}.Debug|Any CPU.ActiveCfg = Debug|Any CPU
		{FF43C537-E4CB-4E81-AC57-98CFF7A886ED}.Debug|Any CPU.Build.0 = Debug|Any CPU
		{FF43C537-E4CB-4E81-AC57-98CFF7A886ED}.Release|Any CPU.ActiveCfg = Release|Any CPU
		{FF43C537-E4CB-4E81-AC57-98CFF7A886ED}.Release|Any CPU.Build.0 = Release|Any CPU
		{4D30AB07-695C-44E0-AAA7-A405FC55EBD2}.Debug|Any CPU.ActiveCfg = Debug|Any CPU
		{4D30AB07-695C-44E0-AAA7-A405FC55EBD2}.Debug|Any CPU.Build.0 = Debug|Any CPU
		{4D30AB07-695C-44E0-AAA7-A405FC55EBD2}.Release|Any CPU.ActiveCfg = Release|Any CPU
		{4D30AB07-695C-44E0-AAA7-A405FC55EBD2}.Release|Any CPU.Build.0 = Release|Any CPU
	EndGlobalSection
	GlobalSection(SolutionProperties) = preSolution
		HideSolutionNode = FALSE
	EndGlobalSection
	GlobalSection(ExtensibilityGlobals) = postSolution
		SolutionGuid = {F28E7A24-ED64-4335-8E85-DA838E7FD164}
	EndGlobalSection
EndGlobal
